Microsoft Visual Studio Solution File, Format Version 11.00
# Visual Studio 2010
Project("{FAE04EC0-301F-11D3-BF4B-00C04F79EFBC}") = "Assembly-CSharp", "Assembly-CSharp.csproj", "{AD12F822-9F1F-CFC7-6C15-24A62E47E942}"
EndProject
Global
	GlobalSection(SolutionConfigurationPlatforms) = preSolution
		Debug|Any CPU = Debug|Any CPU
		Release|Any CPU = Release|Any CPU
	EndGlobalSection
	GlobalSection(ProjectConfigurationPlatforms) = postSolution
		{AD12F822-9F1F-CFC7-6C15-24A62E47E942}.Debug|Any CPU.ActiveCfg = Debug|Any CPU
		{AD12F822-9F1F-CFC7-6C15-24A62E47E942}.Debug|Any CPU.Build.0 = Debug|Any CPU
		{AD12F822-9F1F-CFC7-6C15-24A62E47E942}.Release|Any CPU.ActiveCfg = Release|Any CPU
		{AD12F822-9F1F-CFC7-6C15-24A62E47E942}.Release|Any CPU.Build.0 = Release|Any CPU
	EndGlobalSection
	GlobalSection(SolutionProperties) = preSolution
		HideSolutionNode = FALSE
	EndGlobalSection
	GlobalSection(MonoDevelopProperties) = preSolution
		StartupItem = Assembly-CSharp.csproj
	EndGlobalSection
EndGlobal
